github.com/guptarohit/asciigraph v0.7.3 h1:p05XDDn7cBTWiBqWb30mrwxd6oU0claAjqeytllnsPY=
github.com/guptarohit/asciigraph v0.7.3/go.mod h1:dYl5wwK4gNsnFf9Zp+l06rFiDZ5YtXM6x7SRWZ3KGag=
github.com/tuckersGo/musthaveGo/ch16/expkg v0.0.0-20240731025516-da2218d06516 h1:DZyfQ5wEVuvTM9jZ9XjtQZHr+Nn5nuXKMjfSB/jedv8=
github.com/tuckersGo/musthaveGo/ch16/expkg v0.0.0-20240731025516-da2218d06516/go.mod h1:o12FpIqEJes/Y7CWE9BJemI9VUTQBsH7t3wYlDCw3Fw=
